
Microsoft Visual Studio Solution File, Format Version 12.00
# Visual Studio Version 17
VisualStudioVersion = 17.13.35931.197
MinimumVisualStudioVersion = 10.0.40219.1
Project("{FAE04EC0-301F-11D3-BF4B-00C04F79EFBC}") = "DebateRoyale", "DebateRoyale.csproj", "{0B3F4840-3677-4E0F-A1CC-6E2072BB68E9}"
EndProject
Global
	GlobalSection(SolutionConfigurationPlatforms) = preSolution
		Debug|Any CPU = Debug|Any CPU
		Release|Any CPU = Release|Any CPU
	EndGlobalSection
	GlobalSection(ProjectConfigurationPlatforms) = postSolution
		{0B3F4840-3677-4E0F-A1CC-6E2072BB68E9}.Debug|Any CPU.ActiveCfg = Debug|Any CPU
		{0B3F4840-3677-4E0F-A1CC-6E2072BB68E9}.Debug|Any CPU.Build.0 = Debug|Any CPU
		{0B3F4840-3677-4E0F-A1CC-6E2072BB68E9}.Release|Any CPU.ActiveCfg = Release|Any CPU
		{0B3F4840-3677-4E0F-A1CC-6E2072BB68E9}.Release|Any CPU.Build.0 = Release|Any CPU
	EndGlobalSection
	GlobalSection(SolutionProperties) = preSolution
		HideSolutionNode = FALSE
	EndGlobalSection
	GlobalSection(ExtensibilityGlobals) = postSolution
		SolutionGuid = {863943F8-4F2C-48BC-8BD2-954903CC4C7B}
	EndGlobalSection
EndGlobal
